// !$*UTF8*$!
{
	archiveVersion = 1;
	classes = {
	};
	objectVersion = 46;
	objects = {

/* Begin PBXBuildFile section */
		3E21B2701AD7229000E00AE1 /* AppDelegate.swift in Sources */ = {isa = PBXBuildFile; fileRef = 3E21B26F1AD7229000E00AE1 /* AppDelegate.swift */; };
		3E21B2721AD7229000E00AE1 /* ItemsViewController.swift in Sources */ = {isa = PBXBuildFile; fileRef = 3E21B2711AD7229000E00AE1 /* ItemsViewController.swift */; };
		3E21B2741AD7229000E00AE1 /* OverviewsViewController.swift in Sources */ = {isa = PBXBuildFile; fileRef = 3E21B2731AD7229000E00AE1 /* OverviewsViewController.swift */; };
		3E21B2771AD7229000E00AE1 /* Main.storyboard in Resources */ = {isa = PBXBuildFile; fileRef = 3E21B2751AD7229000E00AE1 /* Main.storyboard */; };
		3E21B2791AD7229000E00AE1 /* Images.xcassets in Resources */ = {isa = PBXBuildFile; fileRef = 3E21B2781AD7229000E00AE1 /* Images.xcassets */; };
		3E21B27C1AD7229000E00AE1 /* LaunchScreen.xib in Resources */ = {isa = PBXBuildFile; fileRef = 3E21B27A1AD7229000E00AE1 /* LaunchScreen.xib */; };
		3E21B2881AD7229000E00AE1 /* budget_iosTests.swift in Sources */ = {isa = PBXBuildFile; fileRef = 3E21B2871AD7229000E00AE1 /* budget_iosTests.swift */; };
		3E21B2A61AD7258B00E00AE1 /* sqlite3.framework in Frameworks */ = {isa = PBXBuildFile; fileRef = 3E21B2A31AD7243600E00AE1 /* sqlite3.framework */; };
		3E21B2B11AD739D500E00AE1 /* schema.sql in Resources */ = {isa = PBXBuildFile; fileRef = 3E21B2B01AD739D500E00AE1 /* schema.sql */; };
		3E21B2B41AD7572800E00AE1 /* Item.swift in Sources */ = {isa = PBXBuildFile; fileRef = 3E21B2B31AD7572800E00AE1 /* Item.swift */; };
		3E21B2B61AD757D200E00AE1 /* Fields.swift in Sources */ = {isa = PBXBuildFile; fileRef = 3E21B2B51AD757D200E00AE1 /* Fields.swift */; };
		3E21B2B81AD7624200E00AE1 /* ItemEditViewController.swift in Sources */ = {isa = PBXBuildFile; fileRef = 3E21B2B71AD7624200E00AE1 /* ItemEditViewController.swift */; };
		3E21B2BC1AD773CC00E00AE1 /* Type.swift in Sources */ = {isa = PBXBuildFile; fileRef = 3E21B2BB1AD773CC00E00AE1 /* Type.swift */; };
		3E21B2BE1AD7799C00E00AE1 /* Account.swift in Sources */ = {isa = PBXBuildFile; fileRef = 3E21B2BD1AD7799C00E00AE1 /* Account.swift */; };
		3E21B2D91AD9E0AF00E00AE1 /* ItemAccountEditViewController.swift in Sources */ = {isa = PBXBuildFile; fileRef = 3E21B2D81AD9E0AF00E00AE1 /* ItemAccountEditViewController.swift */; };
		3E21B2E21AD9E6C100E00AE1 /* ModelServices.swift in Sources */ = {isa = PBXBuildFile; fileRef = 3E21B2E11AD9E6C100E00AE1 /* ModelServices.swift */; };
		3E21B2E41AD9E7B800E00AE1 /* ModelService.swift in Sources */ = {isa = PBXBuildFile; fileRef = 3E21B2E31AD9E7B800E00AE1 /* ModelService.swift */; };
		3E21B2E61AD9E8FC00E00AE1 /* Model.swift in Sources */ = {isa = PBXBuildFile; fileRef = 3E21B2E51AD9E8FC00E00AE1 /* Model.swift */; };
		3E21B2F01ADA00C600E00AE1 /* ItemTypeEditViewController.swift in Sources */ = {isa = PBXBuildFile; fileRef = 3E21B2EF1ADA00C600E00AE1 /* ItemTypeEditViewController.swift */; };
		3E21B2F41ADA05C700E00AE1 /* ItemDateEditViewController.swift in Sources */ = {isa = PBXBuildFile; fileRef = 3E21B2F31ADA05C700E00AE1 /* ItemDateEditViewController.swift */; };
		3E2B869B1ADB1F4E0080B206 /* Filters.swift in Sources */ = {isa = PBXBuildFile; fileRef = 3E2B869A1ADB1F4E0080B206 /* Filters.swift */; };
		3E2B86A01ADB27D80080B206 /* ItemService.swift in Sources */ = {isa = PBXBuildFile; fileRef = 3E2B869F1ADB27D80080B206 /* ItemService.swift */; };
		3E2B86A21ADB27DF0080B206 /* AccountService.swift in Sources */ = {isa = PBXBuildFile; fileRef = 3E2B86A11ADB27DF0080B206 /* AccountService.swift */; };
		3E2B86A41ADB27ED0080B206 /* TypeService.swift in Sources */ = {isa = PBXBuildFile; fileRef = 3E2B86A31ADB27ED0080B206 /* TypeService.swift */; };
		3E2B86A61ADB285F0080B206 /* MemoryModelService.swift in Sources */ = {isa = PBXBuildFile; fileRef = 3E2B86A51ADB285F0080B206 /* MemoryModelService.swift */; };
		3E2B86A81ADB40BB0080B206 /* StandardModelService.swift in Sources */ = {isa = PBXBuildFile; fileRef = 3E2B86A71ADB40BB0080B206 /* StandardModelService.swift */; };
		3E2B86AA1ADB628F0080B206 /* OverviewViewController.swift in Sources */ = {isa = PBXBuildFile; fileRef = 3E2B86A91ADB628F0080B206 /* OverviewViewController.swift */; };
		3E2B86AC1ADB6D720080B206 /* Aggregate.swift in Sources */ = {isa = PBXBuildFile; fileRef = 3E2B86AB1ADB6D720080B206 /* Aggregate.swift */; };
		3E2B86AE1ADB71070080B206 /* Aggregates.swift in Sources */ = {isa = PBXBuildFile; fileRef = 3E2B86AD1ADB71070080B206 /* Aggregates.swift */; };
		3E2B86B71ADCB9E80080B206 /* DetailUITableViewCell.swift in Sources */ = {isa = PBXBuildFile; fileRef = 3E2B86B61ADCB9E80080B206 /* DetailUITableViewCell.swift */; };
		3E2B86BA1ADCCFBC0080B206 /* Group.swift in Sources */ = {isa = PBXBuildFile; fileRef = 3E2B86B91ADCCFBC0080B206 /* Group.swift */; };
		3E2B86BC1ADCCFC50080B206 /* GroupService.swift in Sources */ = {isa = PBXBuildFile; fileRef = 3E2B86BB1ADCCFC50080B206 /* GroupService.swift */; };
		3E2B86BE1ADCD0EC0080B206 /* ItemGroupEditViewController.swift in Sources */ = {isa = PBXBuildFile; fileRef = 3E2B86BD1ADCD0EC0080B206 /* ItemGroupEditViewController.swift */; };
		3E2B86C01ADCDD050080B206 /* ModelType.swift in Sources */ = {isa = PBXBuildFile; fileRef = 3E2B86BF1ADCDD050080B206 /* ModelType.swift */; };
		3E2B86C21ADD71E10080B206 /* AppColors.swift in Sources */ = {isa = PBXBuildFile; fileRef = 3E2B86C11ADD71E10080B206 /* AppColors.swift */; };
		3E2B86C41ADD73270080B206 /* AppUITableViewController.swift in Sources */ = {isa = PBXBuildFile; fileRef = 3E2B86C31ADD73270080B206 /* AppUITableViewController.swift */; };
		3E2B86C61ADD76E40080B206 /* AppUITableViewCell.swift in Sources */ = {isa = PBXBuildFile; fileRef = 3E2B86C51ADD76E40080B206 /* AppUITableViewCell.swift */; };
		3E2B86C81ADD77620080B206 /* HighlightUITableViewCell.swift in Sources */ = {isa = PBXBuildFile; fileRef = 3E2B86C71ADD77620080B206 /* HighlightUITableViewCell.swift */; };
		3E2B86CA1ADD79200080B206 /* AppUIViewController.swift in Sources */ = {isa = PBXBuildFile; fileRef = 3E2B86C91ADD79200080B206 /* AppUIViewController.swift */; };
		3E2B86CC1ADD7B400080B206 /* AppUILabel.swift in Sources */ = {isa = PBXBuildFile; fileRef = 3E2B86CB1ADD7B400080B206 /* AppUILabel.swift */; };
		3E2B86CE1ADF67490080B206 /* AppUINavigationController.swift in Sources */ = {isa = PBXBuildFile; fileRef = 3E2B86CD1ADF67490080B206 /* AppUINavigationController.swift */; };
		3E2B86D01ADF67910080B206 /* AppUITabBarController.swift in Sources */ = {isa = PBXBuildFile; fileRef = 3E2B86CF1ADF67910080B206 /* AppUITabBarController.swift */; };
		3E2B86D41ADF6D630080B206 /* AppUITextField.swift in Sources */ = {isa = PBXBuildFile; fileRef = 3E2B86D31ADF6D630080B206 /* AppUITextField.swift */; };
		3E2B86D61ADF6E140080B206 /* AppUITextView.swift in Sources */ = {isa = PBXBuildFile; fileRef = 3E2B86D51ADF6E140080B206 /* AppUITextView.swift */; };
		3E2B86D81ADF6FF50080B206 /* AppUINavigationBar.swift in Sources */ = {isa = PBXBuildFile; fileRef = 3E2B86D71ADF6FF50080B206 /* AppUINavigationBar.swift */; };
		3E2B86DB1AE019AA0080B206 /* Bolts.framework in Frameworks */ = {isa = PBXBuildFile; fileRef = 3E2B86D91AE019AA0080B206 /* Bolts.framework */; };
		3E2B86DC1AE019AA0080B206 /* Parse.framework in Frameworks */ = {isa = PBXBuildFile; fileRef = 3E2B86DA1AE019AA0080B206 /* Parse.framework */; };
		3E2B86E31AE01A6D0080B206 /* AudioToolbox.framework in Frameworks */ = {isa = PBXBuildFile; fileRef = 3E2B86DD1AE019E80080B206 /* AudioToolbox.framework */; };
		3E2B86E41AE01A750080B206 /* CFNetwork.framework in Frameworks */ = {isa = PBXBuildFile; fileRef = 3E2B86DF1AE019F00080B206 /* CFNetwork.framework */; };
		3E2B86E51AE01A7C0080B206 /* CoreGraphics.framework in Frameworks */ = {isa = PBXBuildFile; fileRef = 3E2B86E11AE019F70080B206 /* CoreGraphics.framework */; };
		3E2B86E71AE01A820080B206 /* CoreLocation.framework in Frameworks */ = {isa = PBXBuildFile; fileRef = 3E2B86E61AE01A820080B206 /* CoreLocation.framework */; };
		3E2B86E91AE01A890080B206 /* MobileCoreServices.framework in Frameworks */ = {isa = PBXBuildFile; fileRef = 3E2B86E81AE01A890080B206 /* MobileCoreServices.framework */; };
		3E2B86EB1AE01A900080B206 /* QuartzCore.framework in Frameworks */ = {isa = PBXBuildFile; fileRef = 3E2B86EA1AE01A900080B206 /* QuartzCore.framework */; };
		3E2B86ED1AE01A980080B206 /* Security.framework in Frameworks */ = {isa = PBXBuildFile; fileRef = 3E2B86EC1AE01A980080B206 /* Security.framework */; };
		3E2B86EF1AE01A9E0080B206 /* StoreKit.framework in Frameworks */ = {isa = PBXBuildFile; fileRef = 3E2B86EE1AE01A9E0080B206 /* StoreKit.framework */; };
		3E2B86F11AE01AA40080B206 /* SystemConfiguration.framework in Frameworks */ = {isa = PBXBuildFile; fileRef = 3E2B86F01AE01AA40080B206 /* SystemConfiguration.framework */; };
		3E2B86F31AE01AAC0080B206 /* libz.dylib in Frameworks */ = {isa = PBXBuildFile; fileRef = 3E2B86F21AE01AAC0080B206 /* libz.dylib */; };
		3E2B86F51AE01AB40080B206 /* libsqlite3.dylib in Frameworks */ = {isa = PBXBuildFile; fileRef = 3E2B86F41AE01AB40080B206 /* libsqlite3.dylib */; };
		3E2B86F81AE01B450080B206 /* Twitter.framework in Frameworks */ = {isa = PBXBuildFile; fileRef = 3E2B86F61AE01AD00080B206 /* Twitter.framework */; };
		3E2B86FA1AE01B4A0080B206 /* Social.framework in Frameworks */ = {isa = PBXBuildFile; fileRef = 3E2B86F91AE01B4A0080B206 /* Social.framework */; };
		3E2B86FC1AE01B5A0080B206 /* Accounts.framework in Frameworks */ = {isa = PBXBuildFile; fileRef = 3E2B86FB1AE01B5A0080B206 /* Accounts.framework */; };
		3E2B86FE1AE020EC0080B206 /* ParseModel.swift in Sources */ = {isa = PBXBuildFile; fileRef = 3E2B86FD1AE020EC0080B206 /* ParseModel.swift */; };
		3E2B87001AE2DF830080B206 /* data.sql in Resources */ = {isa = PBXBuildFile; fileRef = 3E2B86FF1AE2DF830080B206 /* data.sql */; };
		3E2B87041AE2E83D0080B206 /* AccountEditViewController.swift in Sources */ = {isa = PBXBuildFile; fileRef = 3E2B87031AE2E83D0080B206 /* AccountEditViewController.swift */; };
		3E2B870C1AE2F4510080B206 /* EditViewController.swift in Sources */ = {isa = PBXBuildFile; fileRef = 3E2B870B1AE2F4510080B206 /* EditViewController.swift */; };
		3E3B9EF11ADA3E9E006E9016 /* ItemSearchViewController.swift in Sources */ = {isa = PBXBuildFile; fileRef = 3E3B9EF01ADA3E9E006E9016 /* ItemSearchViewController.swift */; };
		3E3B9EF91ADA4702006E9016 /* ItemFilters.swift in Sources */ = {isa = PBXBuildFile; fileRef = 3E3B9EF81ADA4702006E9016 /* ItemFilters.swift */; };
		3E3B9F181ADADA4A006E9016 /* DatabaseService.swift in Sources */ = {isa = PBXBuildFile; fileRef = 3E3B9F171ADADA4A006E9016 /* DatabaseService.swift */; };
		3E6820A01ADAEBFC00CD7433 /* ApplicationAssembly.swift in Sources */ = {isa = PBXBuildFile; fileRef = 3E68209F1ADAEBFC00CD7433 /* ApplicationAssembly.swift */; };
		3E6820AF1ADAF0D700CD7433 /* SQLite.framework in CopyFiles */ = {isa = PBXBuildFile; fileRef = 3E21B29F1AD7243600E00AE1 /* SQLite.framework */; settings = {ATTRIBUTES = (CodeSignOnCopy, RemoveHeadersOnCopy, ); }; };
		3E6820B01ADAF0D700CD7433 /* sqlite3.framework in CopyFiles */ = {isa = PBXBuildFile; fileRef = 3E21B2A31AD7243600E00AE1 /* sqlite3.framework */; settings = {ATTRIBUTES = (CodeSignOnCopy, RemoveHeadersOnCopy, ); }; };
		3EB323A01AE301620023825D /* GroupEditViewController.swift in Sources */ = {isa = PBXBuildFile; fileRef = 3EB3239F1AE301620023825D /* GroupEditViewController.swift */; };
		3EB323A21AE303B10023825D /* OverviewCategory.swift in Sources */ = {isa = PBXBuildFile; fileRef = 3EB323A11AE303B10023825D /* OverviewCategory.swift */; };
		3EB323A41AE30C5E0023825D /* TypeEditViewController.swift in Sources */ = {isa = PBXBuildFile; fileRef = 3EB323A31AE30C5E0023825D /* TypeEditViewController.swift */; };
		3EB323A81AE313EE0023825D /* AppUIToolbar.swift in Sources */ = {isa = PBXBuildFile; fileRef = 3EB323A71AE313EE0023825D /* AppUIToolbar.swift */; };
		3EB323AE1AE3159A0023825D /* data-lite.sql in Resources */ = {isa = PBXBuildFile; fileRef = 3EB323AD1AE3159A0023825D /* data-lite.sql */; };
		B58FEA10C624D06B9364F1A9 /* libPods.a in Frameworks */ = {isa = PBXBuildFile; fileRef = E1C9EFC54D56CA4D49824CD2 /* libPods.a */; };
/* End PBXBuildFile section */

/* Begin PBXContainerItemProxy section */
		3E21B2821AD7229000E00AE1 /* PBXContainerItemProxy */ = {
			isa = PBXContainerItemProxy;
			containerPortal = 3E21B2621AD7229000E00AE1 /* Project object */;
			proxyType = 1;
			remoteGlobalIDString = 3E21B2691AD7229000E00AE1;
			remoteInfo = "budget-ios";
		};
		3E21B29A1AD7243600E00AE1 /* PBXContainerItemProxy */ = {
			isa = PBXContainerItemProxy;
			containerPortal = 3E21B2911AD7243600E00AE1 /* SQLite.xcodeproj */;
			proxyType = 2;
			remoteGlobalIDString = DC3773F319C8CBB3004FCF85;
			remoteInfo = SQLite;
		};
		3E21B29C1AD7243600E00AE1 /* PBXContainerItemProxy */ = {
			isa = PBXContainerItemProxy;
			containerPortal = 3E21B2911AD7243600E00AE1 /* SQLite.xcodeproj */;
			proxyType = 2;
			remoteGlobalIDString = DC3773FE19C8CBB3004FCF85;
			remoteInfo = "SQLite Tests";
		};
		3E21B29E1AD7243600E00AE1 /* PBXContainerItemProxy */ = {
			isa = PBXContainerItemProxy;
			containerPortal = 3E21B2911AD7243600E00AE1 /* SQLite.xcodeproj */;
			proxyType = 2;
			remoteGlobalIDString = DCC6B3801A9191C300734B78;
			remoteInfo = SQLiteCipher;
		};
		3E21B2A01AD7243600E00AE1 /* PBXContainerItemProxy */ = {
			isa = PBXContainerItemProxy;
			containerPortal = 3E21B2911AD7243600E00AE1 /* SQLite.xcodeproj */;
			proxyType = 2;
			remoteGlobalIDString = DCC6B3921A9191D100734B78;
			remoteInfo = "SQLiteCipher Tests";
		};
		3E21B2A21AD7243600E00AE1 /* PBXContainerItemProxy */ = {
			isa = PBXContainerItemProxy;
			containerPortal = 3E21B2911AD7243600E00AE1 /* SQLite.xcodeproj */;
			proxyType = 2;
			remoteGlobalIDString = DCAE4D151ABE0B3300EFCE7A;
			remoteInfo = sqlite3;
		};
		3E21B2A41AD7244A00E00AE1 /* PBXContainerItemProxy */ = {
			isa = PBXContainerItemProxy;
			containerPortal = 3E21B2911AD7243600E00AE1 /* SQLite.xcodeproj */;
			proxyType = 1;
			remoteGlobalIDString = DC3773F219C8CBB3004FCF85;
			remoteInfo = SQLite;
		};
/* End PBXContainerItemProxy section */

/* Begin PBXCopyFilesBuildPhase section */
		3E21B2A71AD7260400E00AE1 /* CopyFiles */ = {
			isa = PBXCopyFilesBuildPhase;
			buildActionMask = 2147483647;
			dstPath = "";
			dstSubfolderSpec = 10;
			files = (
				3E6820AF1ADAF0D700CD7433 /* SQLite.framework in CopyFiles */,
				3E6820B01ADAF0D700CD7433 /* sqlite3.framework in CopyFiles */,
			);
			runOnlyForDeploymentPostprocessing = 0;
		};
/* End PBXCopyFilesBuildPhase section */

/* Begin PBXFileReference section */
		3E21B26A1AD7229000E00AE1 /* budget-ios.app */ = {isa = PBXFileReference; explicitFileType = wrapper.application; includeInIndex = 0; path = "budget-ios.app"; sourceTree = BUILT_PRODUCTS_DIR; };
		3E21B26E1AD7229000E00AE1 /* Info.plist */ = {isa = PBXFileReference; lastKnownFileType = text.plist.xml; path = Info.plist; sourceTree = "<group>"; };
		3E21B26F1AD7229000E00AE1 /* AppDelegate.swift */ = {isa = PBXFileReference; lastKnownFileType = sourcecode.swift; path = AppDelegate.swift; sourceTree = "<group>"; };
		3E21B2711AD7229000E00AE1 /* ItemsViewController.swift */ = {isa = PBXFileReference; lastKnownFileType = sourcecode.swift; path = ItemsViewController.swift; sourceTree = "<group>"; };
		3E21B2731AD7229000E00AE1 /* OverviewsViewController.swift */ = {isa = PBXFileReference; lastKnownFileType = sourcecode.swift; path = OverviewsViewController.swift; sourceTree = "<group>"; };
		3E21B2761AD7229000E00AE1 /* Base */ = {isa = PBXFileReference; lastKnownFileType = file.storyboard; name = Base; path = Base.lproj/Main.storyboard; sourceTree = "<group>"; };
		3E21B2781AD7229000E00AE1 /* Images.xcassets */ = {isa = PBXFileReference; lastKnownFileType = folder.assetcatalog; path = Images.xcassets; sourceTree = "<group>"; };
		3E21B27B1AD7229000E00AE1 /* Base */ = {isa = PBXFileReference; lastKnownFileType = file.xib; name = Base; path = Base.lproj/LaunchScreen.xib; sourceTree = "<group>"; };
		3E21B2811AD7229000E00AE1 /* budget-iosTests.xctest */ = {isa = PBXFileReference; explicitFileType = wrapper.cfbundle; includeInIndex = 0; path = "budget-iosTests.xctest"; sourceTree = BUILT_PRODUCTS_DIR; };
		3E21B2861AD7229000E00AE1 /* Info.plist */ = {isa = PBXFileReference; lastKnownFileType = text.plist.xml; path = Info.plist; sourceTree = "<group>"; };
		3E21B2871AD7229000E00AE1 /* budget_iosTests.swift */ = {isa = PBXFileReference; lastKnownFileType = sourcecode.swift; path = budget_iosTests.swift; sourceTree = "<group>"; };
		3E21B2911AD7243600E00AE1 /* SQLite.xcodeproj */ = {isa = PBXFileReference; lastKnownFileType = "wrapper.pb-project"; name = SQLite.xcodeproj; path = "../../../../Downloads/SQLite.swift-master/SQLite.xcodeproj"; sourceTree = "<group>"; };
		3E21B2B01AD739D500E00AE1 /* schema.sql */ = {isa = PBXFileReference; fileEncoding = 4; lastKnownFileType = text; name = schema.sql; path = ../schema.sql; sourceTree = "<group>"; };
		3E21B2B31AD7572800E00AE1 /* Item.swift */ = {isa = PBXFileReference; fileEncoding = 4; lastKnownFileType = sourcecode.swift; path = Item.swift; sourceTree = "<group>"; };
		3E21B2B51AD757D200E00AE1 /* Fields.swift */ = {isa = PBXFileReference; fileEncoding = 4; lastKnownFileType = sourcecode.swift; path = Fields.swift; sourceTree = "<group>"; };
		3E21B2B71AD7624200E00AE1 /* ItemEditViewController.swift */ = {isa = PBXFileReference; fileEncoding = 4; lastKnownFileType = sourcecode.swift; path = ItemEditViewController.swift; sourceTree = "<group>"; };
		3E21B2BB1AD773CC00E00AE1 /* Type.swift */ = {isa = PBXFileReference; fileEncoding = 4; lastKnownFileType = sourcecode.swift; path = Type.swift; sourceTree = "<group>"; };
		3E21B2BD1AD7799C00E00AE1 /* Account.swift */ = {isa = PBXFileReference; fileEncoding = 4; lastKnownFileType = sourcecode.swift; path = Account.swift; sourceTree = "<group>"; };
		3E21B2D81AD9E0AF00E00AE1 /* ItemAccountEditViewController.swift */ = {isa = PBXFileReference; fileEncoding = 4; lastKnownFileType = sourcecode.swift; path = ItemAccountEditViewController.swift; sourceTree = "<group>"; };
		3E21B2E11AD9E6C100E00AE1 /* ModelServices.swift */ = {isa = PBXFileReference; fileEncoding = 4; lastKnownFileType = sourcecode.swift; path = ModelServices.swift; sourceTree = "<group>"; };
		3E21B2E31AD9E7B800E00AE1 /* ModelService.swift */ = {isa = PBXFileReference; fileEncoding = 4; lastKnownFileType = sourcecode.swift; path = ModelService.swift; sourceTree = "<group>"; };
		3E21B2E51AD9E8FC00E00AE1 /* Model.swift */ = {isa = PBXFileReference; fileEncoding = 4; lastKnownFileType = sourcecode.swift; path = Model.swift; sourceTree = "<group>"; };
		3E21B2EF1ADA00C600E00AE1 /* ItemTypeEditViewController.swift */ = {isa = PBXFileReference; fileEncoding = 4; lastKnownFileType = sourcecode.swift; path = ItemTypeEditViewController.swift; sourceTree = "<group>"; };
		3E21B2F31ADA05C700E00AE1 /* ItemDateEditViewController.swift */ = {isa = PBXFileReference; fileEncoding = 4; lastKnownFileType = sourcecode.swift; path = ItemDateEditViewController.swift; sourceTree = "<group>"; };
		3E2B868B1ADAF74C0080B206 /* Bridging-Header.h */ = {isa = PBXFileReference; lastKnownFileType = sourcecode.c.h; path = "Bridging-Header.h"; sourceTree = "<group>"; };
		3E2B86901ADAFB1A0080B206 /* libPods-Typhoon.a */ = {isa = PBXFileReference; lastKnownFileType = archive.ar; name = "libPods-Typhoon.a"; path = "Pods/../build/Debug-iphoneos/libPods-Typhoon.a"; sourceTree = "<group>"; };
		3E2B86921ADAFBD50080B206 /* libPods.a */ = {isa = PBXFileReference; lastKnownFileType = archive.ar; name = libPods.a; path = "Pods/../build/Debug-iphoneos/libPods.a"; sourceTree = "<group>"; };
		3E2B86941ADAFC070080B206 /* libPods-Typhoon.a */ = {isa = PBXFileReference; lastKnownFileType = archive.ar; name = "libPods-Typhoon.a"; path = "Pods/../build/Debug-iphoneos/libPods-Typhoon.a"; sourceTree = "<group>"; };
		3E2B86961ADAFC5D0080B206 /* libPods.a */ = {isa = PBXFileReference; lastKnownFileType = archive.ar; name = libPods.a; path = "Pods/../build/Debug-iphoneos/libPods.a"; sourceTree = "<group>"; };
		3E2B869A1ADB1F4E0080B206 /* Filters.swift */ = {isa = PBXFileReference; fileEncoding = 4; lastKnownFileType = sourcecode.swift; path = Filters.swift; sourceTree = "<group>"; };
		3E2B869F1ADB27D80080B206 /* ItemService.swift */ = {isa = PBXFileReference; fileEncoding = 4; lastKnownFileType = sourcecode.swift; path = ItemService.swift; sourceTree = "<group>"; };
		3E2B86A11ADB27DF0080B206 /* AccountService.swift */ = {isa = PBXFileReference; fileEncoding = 4; lastKnownFileType = sourcecode.swift; path = AccountService.swift; sourceTree = "<group>"; };
		3E2B86A31ADB27ED0080B206 /* TypeService.swift */ = {isa = PBXFileReference; fileEncoding = 4; lastKnownFileType = sourcecode.swift; path = TypeService.swift; sourceTree = "<group>"; };
		3E2B86A51ADB285F0080B206 /* MemoryModelService.swift */ = {isa = PBXFileReference; fileEncoding = 4; lastKnownFileType = sourcecode.swift; path = MemoryModelService.swift; sourceTree = "<group>"; };
		3E2B86A71ADB40BB0080B206 /* StandardModelService.swift */ = {isa = PBXFileReference; fileEncoding = 4; lastKnownFileType = sourcecode.swift; path = StandardModelService.swift; sourceTree = "<group>"; };
		3E2B86A91ADB628F0080B206 /* OverviewViewController.swift */ = {isa = PBXFileReference; fileEncoding = 4; lastKnownFileType = sourcecode.swift; path = OverviewViewController.swift; sourceTree = "<group>"; };
		3E2B86AB1ADB6D720080B206 /* Aggregate.swift */ = {isa = PBXFileReference; fileEncoding = 4; lastKnownFileType = sourcecode.swift; path = Aggregate.swift; sourceTree = "<group>"; };
		3E2B86AD1ADB71070080B206 /* Aggregates.swift */ = {isa = PBXFileReference; fileEncoding = 4; lastKnownFileType = sourcecode.swift; path = Aggregates.swift; sourceTree = "<group>"; };
		3E2B86B61ADCB9E80080B206 /* DetailUITableViewCell.swift */ = {isa = PBXFileReference; fileEncoding = 4; lastKnownFileType = sourcecode.swift; path = DetailUITableViewCell.swift; sourceTree = "<group>"; };
		3E2B86B91ADCCFBC0080B206 /* Group.swift */ = {isa = PBXFileReference; fileEncoding = 4; lastKnownFileType = sourcecode.swift; path = Group.swift; sourceTree = "<group>"; };
		3E2B86BB1ADCCFC50080B206 /* GroupService.swift */ = {isa = PBXFileReference; fileEncoding = 4; lastKnownFileType = sourcecode.swift; path = GroupService.swift; sourceTree = "<group>"; };
		3E2B86BD1ADCD0EC0080B206 /* ItemGroupEditViewController.swift */ = {isa = PBXFileReference; fileEncoding = 4; lastKnownFileType = sourcecode.swift; path = ItemGroupEditViewController.swift; sourceTree = "<group>"; };
		3E2B86BF1ADCDD050080B206 /* ModelType.swift */ = {isa = PBXFileReference; fileEncoding = 4; lastKnownFileType = sourcecode.swift; path = ModelType.swift; sourceTree = "<group>"; };
		3E2B86C11ADD71E10080B206 /* AppColors.swift */ = {isa = PBXFileReference; fileEncoding = 4; lastKnownFileType = sourcecode.swift; path = AppColors.swift; sourceTree = "<group>"; };
		3E2B86C31ADD73270080B206 /* AppUITableViewController.swift */ = {isa = PBXFileReference; fileEncoding = 4; lastKnownFileType = sourcecode.swift; path = AppUITableViewController.swift; sourceTree = "<group>"; };
		3E2B86C51ADD76E40080B206 /* AppUITableViewCell.swift */ = {isa = PBXFileReference; fileEncoding = 4; lastKnownFileType = sourcecode.swift; path = AppUITableViewCell.swift; sourceTree = "<group>"; };
		3E2B86C71ADD77620080B206 /* HighlightUITableViewCell.swift */ = {isa = PBXFileReference; fileEncoding = 4; lastKnownFileType = sourcecode.swift; path = HighlightUITableViewCell.swift; sourceTree = "<group>"; };
		3E2B86C91ADD79200080B206 /* AppUIViewController.swift */ = {isa = PBXFileReference; fileEncoding = 4; lastKnownFileType = sourcecode.swift; path = AppUIViewController.swift; sourceTree = "<group>"; };
		3E2B86CB1ADD7B400080B206 /* AppUILabel.swift */ = {isa = PBXFileReference; fileEncoding = 4; lastKnownFileType = sourcecode.swift; path = AppUILabel.swift; sourceTree = "<group>"; };
		3E2B86CD1ADF67490080B206 /* AppUINavigationController.swift */ = {isa = PBXFileReference; fileEncoding = 4; lastKnownFileType = sourcecode.swift; path = AppUINavigationController.swift; sourceTree = "<group>"; };
		3E2B86CF1ADF67910080B206 /* AppUITabBarController.swift */ = {isa = PBXFileReference; fileEncoding = 4; lastKnownFileType = sourcecode.swift; path = AppUITabBarController.swift; sourceTree = "<group>"; };
		3E2B86D31ADF6D630080B206 /* AppUITextField.swift */ = {isa = PBXFileReference; fileEncoding = 4; lastKnownFileType = sourcecode.swift; path = AppUITextField.swift; sourceTree = "<group>"; };
		3E2B86D51ADF6E140080B206 /* AppUITextView.swift */ = {isa = PBXFileReference; fileEncoding = 4; lastKnownFileType = sourcecode.swift; path = AppUITextView.swift; sourceTree = "<group>"; };
		3E2B86D71ADF6FF50080B206 /* AppUINavigationBar.swift */ = {isa = PBXFileReference; fileEncoding = 4; lastKnownFileType = sourcecode.swift; path = AppUINavigationBar.swift; sourceTree = "<group>"; };
		3E2B86D91AE019AA0080B206 /* Bolts.framework */ = {isa = PBXFileReference; lastKnownFileType = wrapper.framework; path = Bolts.framework; sourceTree = "<group>"; };
		3E2B86DA1AE019AA0080B206 /* Parse.framework */ = {isa = PBXFileReference; lastKnownFileType = wrapper.framework; path = Parse.framework; sourceTree = "<group>"; };
		3E2B86DD1AE019E80080B206 /* AudioToolbox.framework */ = {isa = PBXFileReference; lastKnownFileType = wrapper.framework; name = AudioToolbox.framework; path = System/Library/Frameworks/AudioToolbox.framework; sourceTree = SDKROOT; };
		3E2B86DF1AE019F00080B206 /* CFNetwork.framework */ = {isa = PBXFileReference; lastKnownFileType = wrapper.framework; name = CFNetwork.framework; path = System/Library/Frameworks/CFNetwork.framework; sourceTree = SDKROOT; };
		3E2B86E11AE019F70080B206 /* CoreGraphics.framework */ = {isa = PBXFileReference; lastKnownFileType = wrapper.framework; name = CoreGraphics.framework; path = System/Library/Frameworks/CoreGraphics.framework; sourceTree = SDKROOT; };
		3E2B86E61AE01A820080B206 /* CoreLocation.framework */ = {isa = PBXFileReference; lastKnownFileType = wrapper.framework; name = CoreLocation.framework; path = System/Library/Frameworks/CoreLocation.framework; sourceTree = SDKROOT; };
		3E2B86E81AE01A890080B206 /* MobileCoreServices.framework */ = {isa = PBXFileReference; lastKnownFileType = wrapper.framework; name = MobileCoreServices.framework; path = System/Library/Frameworks/MobileCoreServices.framework; sourceTree = SDKROOT; };
		3E2B86EA1AE01A900080B206 /* QuartzCore.framework */ = {isa = PBXFileReference; lastKnownFileType = wrapper.framework; name = QuartzCore.framework; path = System/Library/Frameworks/QuartzCore.framework; sourceTree = SDKROOT; };
		3E2B86EC1AE01A980080B206 /* Security.framework */ = {isa = PBXFileReference; lastKnownFileType = wrapper.framework; name = Security.framework; path = System/Library/Frameworks/Security.framework; sourceTree = SDKROOT; };
		3E2B86EE1AE01A9E0080B206 /* StoreKit.framework */ = {isa = PBXFileReference; lastKnownFileType = wrapper.framework; name = StoreKit.framework; path = System/Library/Frameworks/StoreKit.framework; sourceTree = SDKROOT; };
		3E2B86F01AE01AA40080B206 /* SystemConfiguration.framework */ = {isa = PBXFileReference; lastKnownFileType = wrapper.framework; name = SystemConfiguration.framework; path = System/Library/Frameworks/SystemConfiguration.framework; sourceTree = SDKROOT; };
		3E2B86F21AE01AAC0080B206 /* libz.dylib */ = {isa = PBXFileReference; lastKnownFileType = "compiled.mach-o.dylib"; name = libz.dylib; path = usr/lib/libz.dylib; sourceTree = SDKROOT; };
		3E2B86F41AE01AB40080B206 /* libsqlite3.dylib */ = {isa = PBXFileReference; lastKnownFileType = "compiled.mach-o.dylib"; name = libsqlite3.dylib; path = usr/lib/libsqlite3.dylib; sourceTree = SDKROOT; };
		3E2B86F61AE01AD00080B206 /* Twitter.framework */ = {isa = PBXFileReference; lastKnownFileType = wrapper.framework; name = Twitter.framework; path = System/Library/Frameworks/Twitter.framework; sourceTree = SDKROOT; };
		3E2B86F91AE01B4A0080B206 /* Social.framework */ = {isa = PBXFileReference; lastKnownFileType = wrapper.framework; name = Social.framework; path = System/Library/Frameworks/Social.framework; sourceTree = SDKROOT; };
		3E2B86FB1AE01B5A0080B206 /* Accounts.framework */ = {isa = PBXFileReference; lastKnownFileType = wrapper.framework; name = Accounts.framework; path = System/Library/Frameworks/Accounts.framework; sourceTree = SDKROOT; };
		3E2B86FD1AE020EC0080B206 /* ParseModel.swift */ = {isa = PBXFileReference; fileEncoding = 4; lastKnownFileType = sourcecode.swift; path = ParseModel.swift; sourceTree = "<group>"; };
		3E2B86FF1AE2DF830080B206 /* data.sql */ = {isa = PBXFileReference; fileEncoding = 4; lastKnownFileType = text; path = data.sql; sourceTree = "<group>"; };
		3E2B87031AE2E83D0080B206 /* AccountEditViewController.swift */ = {isa = PBXFileReference; fileEncoding = 4; lastKnownFileType = sourcecode.swift; path = AccountEditViewController.swift; sourceTree = "<group>"; };
		3E2B870B1AE2F4510080B206 /* EditViewController.swift */ = {isa = PBXFileReference; fileEncoding = 4; lastKnownFileType = sourcecode.swift; path = EditViewController.swift; sourceTree = "<group>"; };
		3E3B9EF01ADA3E9E006E9016 /* ItemSearchViewController.swift */ = {isa = PBXFileReference; fileEncoding = 4; lastKnownFileType = sourcecode.swift; path = ItemSearchViewController.swift; sourceTree = "<group>"; };
		3E3B9EF81ADA4702006E9016 /* ItemFilters.swift */ = {isa = PBXFileReference; fileEncoding = 4; lastKnownFileType = sourcecode.swift; path = ItemFilters.swift; sourceTree = "<group>"; };
		3E3B9F171ADADA4A006E9016 /* DatabaseService.swift */ = {isa = PBXFileReference; fileEncoding = 4; lastKnownFileType = sourcecode.swift; path = DatabaseService.swift; sourceTree = "<group>"; };
		3E68209F1ADAEBFC00CD7433 /* ApplicationAssembly.swift */ = {isa = PBXFileReference; fileEncoding = 4; lastKnownFileType = sourcecode.swift; path = ApplicationAssembly.swift; sourceTree = "<group>"; };
		3EB3239F1AE301620023825D /* GroupEditViewController.swift */ = {isa = PBXFileReference; fileEncoding = 4; lastKnownFileType = sourcecode.swift; path = GroupEditViewController.swift; sourceTree = "<group>"; };
		3EB323A11AE303B10023825D /* OverviewCategory.swift */ = {isa = PBXFileReference; fileEncoding = 4; lastKnownFileType = sourcecode.swift; path = OverviewCategory.swift; sourceTree = "<group>"; };
		3EB323A31AE30C5E0023825D /* TypeEditViewController.swift */ = {isa = PBXFileReference; fileEncoding = 4; lastKnownFileType = sourcecode.swift; path = TypeEditViewController.swift; sourceTree = "<group>"; };
		3EB323A71AE313EE0023825D /* AppUIToolbar.swift */ = {isa = PBXFileReference; fileEncoding = 4; lastKnownFileType = sourcecode.swift; path = AppUIToolbar.swift; sourceTree = "<group>"; };
		3EB323AD1AE3159A0023825D /* data-lite.sql */ = {isa = PBXFileReference; fileEncoding = 4; lastKnownFileType = text; path = "data-lite.sql"; sourceTree = "<group>"; };
		450C45DE2D91AFBE89BDE2AF /* Pods.debug.xcconfig */ = {isa = PBXFileReference; includeInIndex = 1; lastKnownFileType = text.xcconfig; name = Pods.debug.xcconfig; path = "Pods/Target Support Files/Pods/Pods.debug.xcconfig"; sourceTree = "<group>"; };
		C3BC77D9B578F34F553B7D09 /* Pods.release.xcconfig */ = {isa = PBXFileReference; includeInIndex = 1; lastKnownFileType = text.xcconfig; name = Pods.release.xcconfig; path = "Pods/Target Support Files/Pods/Pods.release.xcconfig"; sourceTree = "<group>"; };
		E1C9EFC54D56CA4D49824CD2 /* libPods.a */ = {isa = PBXFileReference; explicitFileType = archive.ar; includeInIndex = 0; path = libPods.a; sourceTree = BUILT_PRODUCTS_DIR; };
/* End PBXFileReference section */

/* Begin PBXFrameworksBuildPhase section */
		3E21B2671AD7229000E00AE1 /* Frameworks */ = {
			isa = PBXFrameworksBuildPhase;
			buildActionMask = 2147483647;
			files = (
				3E2B86FC1AE01B5A0080B206 /* Accounts.framework in Frameworks */,
				3E2B86FA1AE01B4A0080B206 /* Social.framework in Frameworks */,
				3E2B86F81AE01B450080B206 /* Twitter.framework in Frameworks */,
				3E2B86F51AE01AB40080B206 /* libsqlite3.dylib in Frameworks */,
				3E2B86F31AE01AAC0080B206 /* libz.dylib in Frameworks */,
				3E2B86F11AE01AA40080B206 /* SystemConfiguration.framework in Frameworks */,
				3E2B86EF1AE01A9E0080B206 /* StoreKit.framework in Frameworks */,
				3E2B86ED1AE01A980080B206 /* Security.framework in Frameworks */,
				3E2B86EB1AE01A900080B206 /* QuartzCore.framework in Frameworks */,
				3E2B86E91AE01A890080B206 /* MobileCoreServices.framework in Frameworks */,
				3E2B86E71AE01A820080B206 /* CoreLocation.framework in Frameworks */,
				3E2B86E51AE01A7C0080B206 /* CoreGraphics.framework in Frameworks */,
				3E2B86E41AE01A750080B206 /* CFNetwork.framework in Frameworks */,
				3E2B86E31AE01A6D0080B206 /* AudioToolbox.framework in Frameworks */,
				3E2B86DB1AE019AA0080B206 /* Bolts.framework in Frameworks */,
				3E21B2A61AD7258B00E00AE1 /* sqlite3.framework in Frameworks */,
				3E2B86DC1AE019AA0080B206 /* Parse.framework in Frameworks */,
				B58FEA10C624D06B9364F1A9 /* libPods.a in Frameworks */,
			);
			runOnlyForDeploymentPostprocessing = 0;
		};
		3E21B27E1AD7229000E00AE1 /* Frameworks */ = {
			isa = PBXFrameworksBuildPhase;
			buildActionMask = 2147483647;
			files = (
			);
			runOnlyForDeploymentPostprocessing = 0;
		};
/* End PBXFrameworksBuildPhase section */

/* Begin PBXGroup section */
		3E21B2611AD7229000E00AE1 = {
			isa = PBXGroup;
			children = (
				3E21B26C1AD7229000E00AE1 /* budget-ios */,
				3E21B2841AD7229000E00AE1 /* budget-iosTests */,
				3E21B26B1AD7229000E00AE1 /* Products */,
				3E21B2911AD7243600E00AE1 /* SQLite.xcodeproj */,
				5BA64593D4D93334D928F593 /* Pods */,
				87E925EC407BA5ACAC3AED6A /* Frameworks */,
			);
			sourceTree = "<group>";
		};
		3E21B26B1AD7229000E00AE1 /* Products */ = {
			isa = PBXGroup;
			children = (
				3E21B26A1AD7229000E00AE1 /* budget-ios.app */,
				3E21B2811AD7229000E00AE1 /* budget-iosTests.xctest */,
			);
			name = Products;
			sourceTree = "<group>";
		};
		3E21B26C1AD7229000E00AE1 /* budget-ios */ = {
			isa = PBXGroup;
			children = (
				3E2B86B11ADCB9C60080B206 /* ui */,
				3E6820A11ADAECB900CD7433 /* assembly */,
				3E3B9F101ADAD9BB006E9016 /* services */,
				3E21B2B21AD7571900E00AE1 /* models */,
				3E2B87091AE2F3CC0080B206 /* controllers */,
				3E21B26F1AD7229000E00AE1 /* AppDelegate.swift */,
				3E21B2B01AD739D500E00AE1 /* schema.sql */,
				3E2B86FF1AE2DF830080B206 /* data.sql */,
				3EB323AD1AE3159A0023825D /* data-lite.sql */,
				3E21B2751AD7229000E00AE1 /* Main.storyboard */,
				3E21B2781AD7229000E00AE1 /* Images.xcassets */,
				3E21B27A1AD7229000E00AE1 /* LaunchScreen.xib */,
				3E21B26D1AD7229000E00AE1 /* Supporting Files */,
				3E2B868B1ADAF74C0080B206 /* Bridging-Header.h */,
			);
			path = "budget-ios";
			sourceTree = "<group>";
		};
		3E21B26D1AD7229000E00AE1 /* Supporting Files */ = {
			isa = PBXGroup;
			children = (
				3E21B26E1AD7229000E00AE1 /* Info.plist */,
			);
			name = "Supporting Files";
			sourceTree = "<group>";
		};
		3E21B2841AD7229000E00AE1 /* budget-iosTests */ = {
			isa = PBXGroup;
			children = (
				3E21B2871AD7229000E00AE1 /* budget_iosTests.swift */,
				3E21B2851AD7229000E00AE1 /* Supporting Files */,
			);
			path = "budget-iosTests";
			sourceTree = "<group>";
		};
		3E21B2851AD7229000E00AE1 /* Supporting Files */ = {
			isa = PBXGroup;
			children = (
				3E21B2861AD7229000E00AE1 /* Info.plist */,
			);
			name = "Supporting Files";
			sourceTree = "<group>";
		};
		3E21B2921AD7243600E00AE1 /* Products */ = {
			isa = PBXGroup;
			children = (
				3E21B29B1AD7243600E00AE1 /* SQLite.framework */,
				3E21B29D1AD7243600E00AE1 /* SQLite Tests.xctest */,
				3E21B29F1AD7243600E00AE1 /* SQLite.framework */,
				3E21B2A11AD7243600E00AE1 /* SQLiteCipher Tests.xctest */,
				3E21B2A31AD7243600E00AE1 /* sqlite3.framework */,
			);
			name = Products;
			sourceTree = "<group>";
		};
		3E21B2B21AD7571900E00AE1 /* models */ = {
			isa = PBXGroup;
			children = (
				3E2B86B81ADCCFAE0080B206 /* group */,
				3E2B869E1ADB27AE0080B206 /* type */,
				3E2B869D1ADB27AA0080B206 /* account */,
				3E2B869C1ADB27A20080B206 /* item */,
				3E2B86AB1ADB6D720080B206 /* Aggregate.swift */,
				3E2B86AD1ADB71070080B206 /* Aggregates.swift */,
				3E21B2E51AD9E8FC00E00AE1 /* Model.swift */,
				3E21B2E31AD9E7B800E00AE1 /* ModelService.swift */,
				3E2B86A51ADB285F0080B206 /* MemoryModelService.swift */,
				3E2B86A71ADB40BB0080B206 /* StandardModelService.swift */,
				3E21B2E11AD9E6C100E00AE1 /* ModelServices.swift */,
				3E2B869A1ADB1F4E0080B206 /* Filters.swift */,
				3E21B2B51AD757D200E00AE1 /* Fields.swift */,
				3E2B86BF1ADCDD050080B206 /* ModelType.swift */,
				3E2B86FD1AE020EC0080B206 /* ParseModel.swift */,
			);
			name = models;
			sourceTree = "<group>";
		};
		3E2B869C1ADB27A20080B206 /* item */ = {
			isa = PBXGroup;
			children = (
				3E21B2B31AD7572800E00AE1 /* Item.swift */,
				3E2B869F1ADB27D80080B206 /* ItemService.swift */,
				3E3B9EF81ADA4702006E9016 /* ItemFilters.swift */,
			);
			name = item;
			sourceTree = "<group>";
		};
		3E2B869D1ADB27AA0080B206 /* account */ = {
			isa = PBXGroup;
			children = (
				3E21B2BD1AD7799C00E00AE1 /* Account.swift */,
				3E2B86A11ADB27DF0080B206 /* AccountService.swift */,
			);
			name = account;
			sourceTree = "<group>";
		};
		3E2B869E1ADB27AE0080B206 /* type */ = {
			isa = PBXGroup;
			children = (
				3E21B2BB1AD773CC00E00AE1 /* Type.swift */,
				3E2B86A31ADB27ED0080B206 /* TypeService.swift */,
			);
			name = type;
			sourceTree = "<group>";
		};
		3E2B86B11ADCB9C60080B206 /* ui */ = {
			isa = PBXGroup;
			children = (
				3E2B86C11ADD71E10080B206 /* AppColors.swift */,
				3E2B86CB1ADD7B400080B206 /* AppUILabel.swift */,
				3E2B86C91ADD79200080B206 /* AppUIViewController.swift */,
				3E2B86C51ADD76E40080B206 /* AppUITableViewCell.swift */,
				3E2B86C31ADD73270080B206 /* AppUITableViewController.swift */,
				3E2B86B61ADCB9E80080B206 /* DetailUITableViewCell.swift */,
				3E2B86C71ADD77620080B206 /* HighlightUITableViewCell.swift */,
				3E2B86CD1ADF67490080B206 /* AppUINavigationController.swift */,
				3E2B86CF1ADF67910080B206 /* AppUITabBarController.swift */,
				3E2B86D31ADF6D630080B206 /* AppUITextField.swift */,
				3E2B86D51ADF6E140080B206 /* AppUITextView.swift */,
				3E2B86D71ADF6FF50080B206 /* AppUINavigationBar.swift */,
				3EB323A71AE313EE0023825D /* AppUIToolbar.swift */,
			);
			name = ui;
			sourceTree = "<group>";
		};
		3E2B86B81ADCCFAE0080B206 /* group */ = {
			isa = PBXGroup;
			children = (
				3E2B86B91ADCCFBC0080B206 /* Group.swift */,
				3E2B86BB1ADCCFC50080B206 /* GroupService.swift */,
			);
			name = group;
			sourceTree = "<group>";
		};
		3E2B87091AE2F3CC0080B206 /* controllers */ = {
			isa = PBXGroup;
			children = (
				3E2B870F1AE2F6B70080B206 /* account */,
				3E2B870D1AE2F6AB0080B206 /* group */,
				3E2B870E1AE2F6B10080B206 /* type */,
				3E2B87101AE2F6BC0080B206 /* item */,
				3E2B87111AE2F6E90080B206 /* overview */,
				3E2B870B1AE2F4510080B206 /* EditViewController.swift */,
			);
			name = controllers;
			sourceTree = "<group>";
		};
		3E2B870D1AE2F6AB0080B206 /* group */ = {
			isa = PBXGroup;
			children = (
			);
			name = group;
			sourceTree = "<group>";
		};
		3E2B870E1AE2F6B10080B206 /* type */ = {
			isa = PBXGroup;
			children = (
			);
			name = type;
			sourceTree = "<group>";
		};
		3E2B870F1AE2F6B70080B206 /* account */ = {
			isa = PBXGroup;
			children = (
				3E2B87031AE2E83D0080B206 /* AccountEditViewController.swift */,
				3EB323A31AE30C5E0023825D /* TypeEditViewController.swift */,
				3EB3239F1AE301620023825D /* GroupEditViewController.swift */,
			);
			name = account;
			sourceTree = "<group>";
		};
		3E2B87101AE2F6BC0080B206 /* item */ = {
			isa = PBXGroup;
			children = (
				3E21B2711AD7229000E00AE1 /* ItemsViewController.swift */,
				3E21B2B71AD7624200E00AE1 /* ItemEditViewController.swift */,
				3E21B2D81AD9E0AF00E00AE1 /* ItemAccountEditViewController.swift */,
				3E21B2F31ADA05C700E00AE1 /* ItemDateEditViewController.swift */,
				3E2B86BD1ADCD0EC0080B206 /* ItemGroupEditViewController.swift */,
				3E21B2EF1ADA00C600E00AE1 /* ItemTypeEditViewController.swift */,
				3E3B9EF01ADA3E9E006E9016 /* ItemSearchViewController.swift */,
			);
			name = item;
			sourceTree = "<group>";
		};
		3E2B87111AE2F6E90080B206 /* overview */ = {
			isa = PBXGroup;
			children = (
				3EB323A11AE303B10023825D /* OverviewCategory.swift */,
				3E21B2731AD7229000E00AE1 /* OverviewsViewController.swift */,
				3E2B86A91ADB628F0080B206 /* OverviewViewController.swift */,
			);
			name = overview;
			sourceTree = "<group>";
		};
		3E3B9F101ADAD9BB006E9016 /* services */ = {
			isa = PBXGroup;
			children = (
				3E3B9F171ADADA4A006E9016 /* DatabaseService.swift */,
			);
			name = services;
			sourceTree = "<group>";
		};
		3E6820A11ADAECB900CD7433 /* assembly */ = {
			isa = PBXGroup;
			children = (
				3E68209F1ADAEBFC00CD7433 /* ApplicationAssembly.swift */,
			);
			name = assembly;
			sourceTree = "<group>";
		};
		5BA64593D4D93334D928F593 /* Pods */ = {
			isa = PBXGroup;
			children = (
				450C45DE2D91AFBE89BDE2AF /* Pods.debug.xcconfig */,
				C3BC77D9B578F34F553B7D09 /* Pods.release.xcconfig */,
			);
			name = Pods;
			sourceTree = "<group>";
		};
		87E925EC407BA5ACAC3AED6A /* Frameworks */ = {
			isa = PBXGroup;
			children = (
				3E2B86FB1AE01B5A0080B206 /* Accounts.framework */,
				3E2B86F91AE01B4A0080B206 /* Social.framework */,
				3E2B86F61AE01AD00080B206 /* Twitter.framework */,
				3E2B86F41AE01AB40080B206 /* libsqlite3.dylib */,
				3E2B86F21AE01AAC0080B206 /* libz.dylib */,
				3E2B86F01AE01AA40080B206 /* SystemConfiguration.framework */,
				3E2B86EE1AE01A9E0080B206 /* StoreKit.framework */,
				3E2B86EC1AE01A980080B206 /* Security.framework */,
				3E2B86EA1AE01A900080B206 /* QuartzCore.framework */,
				3E2B86E81AE01A890080B206 /* MobileCoreServices.framework */,
				3E2B86E61AE01A820080B206 /* CoreLocation.framework */,
				3E2B86E11AE019F70080B206 /* CoreGraphics.framework */,
				3E2B86DF1AE019F00080B206 /* CFNetwork.framework */,
				3E2B86DD1AE019E80080B206 /* AudioToolbox.framework */,
				3E2B86D91AE019AA0080B206 /* Bolts.framework */,
				3E2B86DA1AE019AA0080B206 /* Parse.framework */,
				3E2B86961ADAFC5D0080B206 /* libPods.a */,
				3E2B86941ADAFC070080B206 /* libPods-Typhoon.a */,
				3E2B86921ADAFBD50080B206 /* libPods.a */,
				3E2B86901ADAFB1A0080B206 /* libPods-Typhoon.a */,
				E1C9EFC54D56CA4D49824CD2 /* libPods.a */,
			);
			name = Frameworks;
			sourceTree = "<group>";
		};
/* End PBXGroup section */

/* Begin PBXNativeTarget section */
		3E21B2691AD7229000E00AE1 /* budget-ios */ = {
			isa = PBXNativeTarget;
			buildConfigurationList = 3E21B28B1AD7229000E00AE1 /* Build configuration list for PBXNativeTarget "budget-ios" */;
			buildPhases = (
				5E2A21DC9BB3767CBAE3DE1B /* Check Pods Manifest.lock */,
				3E21B2661AD7229000E00AE1 /* Sources */,
				3E21B2671AD7229000E00AE1 /* Frameworks */,
				3E21B2681AD7229000E00AE1 /* Resources */,
				3E21B2A71AD7260400E00AE1 /* CopyFiles */,
				0F47C079B084EE428B24381F /* Copy Pods Resources */,
			);
			buildRules = (
			);
			dependencies = (
				3E21B2A51AD7244A00E00AE1 /* PBXTargetDependency */,
			);
			name = "budget-ios";
			productName = "budget-ios";
			productReference = 3E21B26A1AD7229000E00AE1 /* budget-ios.app */;
			productType = "com.apple.product-type.application";
		};
		3E21B2801AD7229000E00AE1 /* budget-iosTests */ = {
			isa = PBXNativeTarget;
			buildConfigurationList = 3E21B28E1AD7229000E00AE1 /* Build configuration list for PBXNativeTarget "budget-iosTests" */;
			buildPhases = (
				3E21B27D1AD7229000E00AE1 /* Sources */,
				3E21B27E1AD7229000E00AE1 /* Frameworks */,
				3E21B27F1AD7229000E00AE1 /* Resources */,
			);
			buildRules = (
			);
			dependencies = (
				3E21B2831AD7229000E00AE1 /* PBXTargetDependency */,
			);
			name = "budget-iosTests";
			productName = "budget-iosTests";
			productReference = 3E21B2811AD7229000E00AE1 /* budget-iosTests.xctest */;
			productType = "com.apple.product-type.bundle.unit-test";
		};
/* End PBXNativeTarget section */

/* Begin PBXProject section */
		3E21B2621AD7229000E00AE1 /* Project object */ = {
			isa = PBXProject;
			attributes = {
				LastUpgradeCheck = 0630;
				ORGANIZATIONNAME = "TwoSpec Inc";
				TargetAttributes = {
					3E21B2691AD7229000E00AE1 = {
						CreatedOnToolsVersion = 6.3;
						DevelopmentTeam = 6QGVA9LTPG;
					};
					3E21B2801AD7229000E00AE1 = {
						CreatedOnToolsVersion = 6.3;
						TestTargetID = 3E21B2691AD7229000E00AE1;
					};
				};
			};
			buildConfigurationList = 3E21B2651AD7229000E00AE1 /* Build configuration list for PBXProject "budget-ios" */;
			compatibilityVersion = "Xcode 3.2";
			developmentRegion = English;
			hasScannedForEncodings = 0;
			knownRegions = (
				en,
				Base,
			);
			mainGroup = 3E21B2611AD7229000E00AE1;
			productRefGroup = 3E21B26B1AD7229000E00AE1 /* Products */;
			projectDirPath = "";
			projectReferences = (
				{
					ProductGroup = 3E21B2921AD7243600E00AE1 /* Products */;
					ProjectRef = 3E21B2911AD7243600E00AE1 /* SQLite.xcodeproj */;
				},
			);
			projectRoot = "";
			targets = (
				3E21B2691AD7229000E00AE1 /* budget-ios */,
				3E21B2801AD7229000E00AE1 /* budget-iosTests */,
			);
		};
/* End PBXProject section */

/* Begin PBXReferenceProxy section */
		3E21B29B1AD7243600E00AE1 /* SQLite.framework */ = {
			isa = PBXReferenceProxy;
			fileType = wrapper.framework;
			path = SQLite.framework;
			remoteRef = 3E21B29A1AD7243600E00AE1 /* PBXContainerItemProxy */;
			sourceTree = BUILT_PRODUCTS_DIR;
		};
		3E21B29D1AD7243600E00AE1 /* SQLite Tests.xctest */ = {
			isa = PBXReferenceProxy;
			fileType = wrapper.cfbundle;
			path = "SQLite Tests.xctest";
			remoteRef = 3E21B29C1AD7243600E00AE1 /* PBXContainerItemProxy */;
			sourceTree = BUILT_PRODUCTS_DIR;
		};
		3E21B29F1AD7243600E00AE1 /* SQLite.framework */ = {
			isa = PBXReferenceProxy;
			fileType = wrapper.framework;
			path = SQLite.framework;
			remoteRef = 3E21B29E1AD7243600E00AE1 /* PBXContainerItemProxy */;
			sourceTree = BUILT_PRODUCTS_DIR;
		};
		3E21B2A11AD7243600E00AE1 /* SQLiteCipher Tests.xctest */ = {
			isa = PBXReferenceProxy;
			fileType = wrapper.cfbundle;
			path = "SQLiteCipher Tests.xctest";
			remoteRef = 3E21B2A01AD7243600E00AE1 /* PBXContainerItemProxy */;
			sourceTree = BUILT_PRODUCTS_DIR;
		};
		3E21B2A31AD7243600E00AE1 /* sqlite3.framework */ = {
			isa = PBXReferenceProxy;
			fileType = wrapper.framework;
			path = sqlite3.framework;
			remoteRef = 3E21B2A21AD7243600E00AE1 /* PBXContainerItemProxy */;
			sourceTree = BUILT_PRODUCTS_DIR;
		};
/* End PBXReferenceProxy section */

/* Begin PBXResourcesBuildPhase section */
		3E21B2681AD7229000E00AE1 /* Resources */ = {
			isa = PBXResourcesBuildPhase;
			buildActionMask = 2147483647;
			files = (
				3EB323AE1AE3159A0023825D /* data-lite.sql in Resources */,
				3E21B2771AD7229000E00AE1 /* Main.storyboard in Resources */,
				3E21B27C1AD7229000E00AE1 /* LaunchScreen.xib in Resources */,
				3E2B87001AE2DF830080B206 /* data.sql in Resources */,
				3E21B2B11AD739D500E00AE1 /* schema.sql in Resources */,
				3E21B2791AD7229000E00AE1 /* Images.xcassets in Resources */,
			);
			runOnlyForDeploymentPostprocessing = 0;
		};
		3E21B27F1AD7229000E00AE1 /* Resources */ = {
			isa = PBXResourcesBuildPhase;
			buildActionMask = 2147483647;
			files = (
			);
			runOnlyForDeploymentPostprocessing = 0;
		};
/* End PBXResourcesBuildPhase section */

/* Begin PBXShellScriptBuildPhase section */
		0F47C079B084EE428B24381F /* Copy Pods Resources */ = {
			isa = PBXShellScriptBuildPhase;
			buildActionMask = 2147483647;
			files = (
			);
			inputPaths = (
			);
			name = "Copy Pods Resources";
			outputPaths = (
			);
			runOnlyForDeploymentPostprocessing = 0;
			shellPath = /bin/sh;
			shellScript = "\"${SRCROOT}/Pods/Target Support Files/Pods/Pods-resources.sh\"\n";
			showEnvVarsInLog = 0;
		};
		5E2A21DC9BB3767CBAE3DE1B /* Check Pods Manifest.lock */ = {
			isa = PBXShellScriptBuildPhase;
			buildActionMask = 2147483647;
			files = (
			);
			inputPaths = (
			);
			name = "Check Pods Manifest.lock";
			outputPaths = (
			);
			runOnlyForDeploymentPostprocessing = 0;
			shellPath = /bin/sh;
			shellScript = "diff \"${PODS_ROOT}/../Podfile.lock\" \"${PODS_ROOT}/Manifest.lock\" > /dev/null\nif [[ $? != 0 ]] ; then\n    cat << EOM\nerror: The sandbox is not in sync with the Podfile.lock. Run 'pod install' or update your CocoaPods installation.\nEOM\n    exit 1\nfi\n";
			showEnvVarsInLog = 0;
		};
/* End PBXShellScriptBuildPhase section */

/* Begin PBXSourcesBuildPhase section */
		3E21B2661AD7229000E00AE1 /* Sources */ = {
			isa = PBXSourcesBuildPhase;
			buildActionMask = 2147483647;
			files = (
				3E2B86A01ADB27D80080B206 /* ItemService.swift in Sources */,
				3E2B86C41ADD73270080B206 /* AppUITableViewController.swift in Sources */,
				3E2B86BC1ADCCFC50080B206 /* GroupService.swift in Sources */,
				3E21B2B81AD7624200E00AE1 /* ItemEditViewController.swift in Sources */,
				3E2B86CC1ADD7B400080B206 /* AppUILabel.swift in Sources */,
				3E2B869B1ADB1F4E0080B206 /* Filters.swift in Sources */,
				3EB323A21AE303B10023825D /* OverviewCategory.swift in Sources */,
				3E2B86A61ADB285F0080B206 /* MemoryModelService.swift in Sources */,
				3E21B2B61AD757D200E00AE1 /* Fields.swift in Sources */,
				3E2B86C61ADD76E40080B206 /* AppUITableViewCell.swift in Sources */,
				3E2B86C21ADD71E10080B206 /* AppColors.swift in Sources */,
				3E21B2B41AD7572800E00AE1 /* Item.swift in Sources */,
				3E2B86D41ADF6D630080B206 /* AppUITextField.swift in Sources */,
				3E21B2741AD7229000E00AE1 /* OverviewsViewController.swift in Sources */,
				3E2B86CE1ADF67490080B206 /* AppUINavigationController.swift in Sources */,
				3E21B2E21AD9E6C100E00AE1 /* ModelServices.swift in Sources */,
				3E2B86A81ADB40BB0080B206 /* StandardModelService.swift in Sources */,
				3E2B870C1AE2F4510080B206 /* EditViewController.swift in Sources */,
				3E2B86CA1ADD79200080B206 /* AppUIViewController.swift in Sources */,
				3E3B9F181ADADA4A006E9016 /* DatabaseService.swift in Sources */,
				3E2B86C01ADCDD050080B206 /* ModelType.swift in Sources */,
				3E2B86AE1ADB71070080B206 /* Aggregates.swift in Sources */,
				3E2B87041AE2E83D0080B206 /* AccountEditViewController.swift in Sources */,
				3E2B86B71ADCB9E80080B206 /* DetailUITableViewCell.swift in Sources */,
				3E21B2BE1AD7799C00E00AE1 /* Account.swift in Sources */,
				3E2B86C81ADD77620080B206 /* HighlightUITableViewCell.swift in Sources */,
				3E2B86A21ADB27DF0080B206 /* AccountService.swift in Sources */,
				3EB323A81AE313EE0023825D /* AppUIToolbar.swift in Sources */,
				3E2B86BE1ADCD0EC0080B206 /* ItemGroupEditViewController.swift in Sources */,
				3E21B2F01ADA00C600E00AE1 /* ItemTypeEditViewController.swift in Sources */,
				3E21B2F41ADA05C700E00AE1 /* ItemDateEditViewController.swift in Sources */,
				3E2B86D61ADF6E140080B206 /* AppUITextView.swift in Sources */,
				3E2B86A41ADB27ED0080B206 /* TypeService.swift in Sources */,
				3E2B86AC1ADB6D720080B206 /* Aggregate.swift in Sources */,
				3E21B2E61AD9E8FC00E00AE1 /* Model.swift in Sources */,
				3E21B2E41AD9E7B800E00AE1 /* ModelService.swift in Sources */,
				3E2B86D81ADF6FF50080B206 /* AppUINavigationBar.swift in Sources */,
				3E2B86AA1ADB628F0080B206 /* OverviewViewController.swift in Sources */,
				3E3B9EF91ADA4702006E9016 /* ItemFilters.swift in Sources */,
				3E2B86BA1ADCCFBC0080B206 /* Group.swift in Sources */,
				3E21B2BC1AD773CC00E00AE1 /* Type.swift in Sources */,
				3E21B2701AD7229000E00AE1 /* AppDelegate.swift in Sources */,
				3EB323A41AE30C5E0023825D /* TypeEditViewController.swift in Sources */,
				3E6820A01ADAEBFC00CD7433 /* ApplicationAssembly.swift in Sources */,
				3E21B2D91AD9E0AF00E00AE1 /* ItemAccountEditViewController.swift in Sources */,
				3E2B86D01ADF67910080B206 /* AppUITabBarController.swift in Sources */,
				3E3B9EF11ADA3E9E006E9016 /* ItemSearchViewController.swift in Sources */,
				3E21B2721AD7229000E00AE1 /* ItemsViewController.swift in Sources */,
				3EB323A01AE301620023825D /* GroupEditViewController.swift in Sources */,
				3E2B86FE1AE020EC0080B206 /* ParseModel.swift in Sources */,
			);
			runOnlyForDeploymentPostprocessing = 0;
		};
		3E21B27D1AD7229000E00AE1 /* Sources */ = {
			isa = PBXSourcesBuildPhase;
			buildActionMask = 2147483647;
			files = (
				3E21B2881AD7229000E00AE1 /* budget_iosTests.swift in Sources */,
			);
			runOnlyForDeploymentPostprocessing = 0;
		};
/* End PBXSourcesBuildPhase section */

/* Begin PBXTargetDependency section */
		3E21B2831AD7229000E00AE1 /* PBXTargetDependency */ = {
			isa = PBXTargetDependency;
			target = 3E21B2691AD7229000E00AE1 /* budget-ios */;
			targetProxy = 3E21B2821AD7229000E00AE1 /* PBXContainerItemProxy */;
		};
		3E21B2A51AD7244A00E00AE1 /* PBXTargetDependency */ = {
			isa = PBXTargetDependency;
			name = SQLite;
			targetProxy = 3E21B2A41AD7244A00E00AE1 /* PBXContainerItemProxy */;
		};
/* End PBXTargetDependency section */

/* Begin PBXVariantGroup section */
		3E21B2751AD7229000E00AE1 /* Main.storyboard */ = {
			isa = PBXVariantGroup;
			children = (
				3E21B2761AD7229000E00AE1 /* Base */,
			);
			name = Main.storyboard;
			sourceTree = "<group>";
		};
		3E21B27A1AD7229000E00AE1 /* LaunchScreen.xib */ = {
			isa = PBXVariantGroup;
			children = (
				3E21B27B1AD7229000E00AE1 /* Base */,
			);
			name = LaunchScreen.xib;
			sourceTree = "<group>";
		};
/* End PBXVariantGroup section */

/* Begin XCBuildConfiguration section */
		3E21B2891AD7229000E00AE1 /* Debug */ = {
			isa = XCBuildConfiguration;
			buildSettings = {
				ALWAYS_SEARCH_USER_PATHS = NO;
				CLANG_CXX_LANGUAGE_STANDARD = "gnu++0x";
				CLANG_CXX_LIBRARY = "libc++";
				CLANG_ENABLE_MODULES = YES;
				CLANG_ENABLE_OBJC_ARC = YES;
				CLANG_WARN_BOOL_CONVERSION = YES;
				CLANG_WARN_CONSTANT_CONVERSION = YES;
				CLANG_WARN_DIRECT_OBJC_ISA_USAGE = YES_ERROR;
				CLANG_WARN_EMPTY_BODY = YES;
				CLANG_WARN_ENUM_CONVERSION = YES;
				CLANG_WARN_INT_CONVERSION = YES;
				CLANG_WARN_OBJC_ROOT_CLASS = YES_ERROR;
				CLANG_WARN_UNREACHABLE_CODE = YES;
				CLANG_WARN__DUPLICATE_METHOD_MATCH = YES;
				"CODE_SIGN_IDENTITY[sdk=iphoneos*]" = "iPhone Developer";
				COPY_PHASE_STRIP = NO;
				DEBUG_INFORMATION_FORMAT = "dwarf-with-dsym";
				ENABLE_STRICT_OBJC_MSGSEND = YES;
				GCC_C_LANGUAGE_STANDARD = gnu99;
				GCC_DYNAMIC_NO_PIC = NO;
				GCC_NO_COMMON_BLOCKS = YES;
				GCC_OPTIMIZATION_LEVEL = 0;
				GCC_PREPROCESSOR_DEFINITIONS = (
					"DEBUG=1",
					"$(inherited)",
				);
				GCC_SYMBOLS_PRIVATE_EXTERN = NO;
				GCC_WARN_64_TO_32_BIT_CONVERSION = YES;
				GCC_WARN_ABOUT_RETURN_TYPE = YES_ERROR;
				GCC_WARN_UNDECLARED_SELECTOR = YES;
				GCC_WARN_UNINITIALIZED_AUTOS = YES_AGGRESSIVE;
				GCC_WARN_UNUSED_FUNCTION = YES;
				GCC_WARN_UNUSED_VARIABLE = YES;
				IPHONEOS_DEPLOYMENT_TARGET = 8.3;
				MTL_ENABLE_DEBUG_INFO = YES;
				ONLY_ACTIVE_ARCH = YES;
				SDKROOT = iphoneos;
				SWIFT_OBJC_BRIDGING_HEADER = "budget-ios/Bridging-Header.h";
				SWIFT_OPTIMIZATION_LEVEL = "-Onone";
				TARGETED_DEVICE_FAMILY = "1,2";
			};
			name = Debug;
		};
		3E21B28A1AD7229000E00AE1 /* Release */ = {
			isa = XCBuildConfiguration;
			buildSettings = {
				ALWAYS_SEARCH_USER_PATHS = NO;
				CLANG_CXX_LANGUAGE_STANDARD = "gnu++0x";
				CLANG_CXX_LIBRARY = "libc++";
				CLANG_ENABLE_MODULES = YES;
				CLANG_ENABLE_OBJC_ARC = YES;
				CLANG_WARN_BOOL_CONVERSION = YES;
				CLANG_WARN_CONSTANT_CONVERSION = YES;
				CLANG_WARN_DIRECT_OBJC_ISA_USAGE = YES_ERROR;
				CLANG_WARN_EMPTY_BODY = YES;
				CLANG_WARN_ENUM_CONVERSION = YES;
				CLANG_WARN_INT_CONVERSION = YES;
				CLANG_WARN_OBJC_ROOT_CLASS = YES_ERROR;
				CLANG_WARN_UNREACHABLE_CODE = YES;
				CLANG_WARN__DUPLICATE_METHOD_MATCH = YES;
				"CODE_SIGN_IDENTITY[sdk=iphoneos*]" = "iPhone Developer";
				COPY_PHASE_STRIP = NO;
				DEBUG_INFORMATION_FORMAT = "dwarf-with-dsym";
				ENABLE_NS_ASSERTIONS = NO;
				ENABLE_STRICT_OBJC_MSGSEND = YES;
				GCC_C_LANGUAGE_STANDARD = gnu99;
				GCC_NO_COMMON_BLOCKS = YES;
				GCC_WARN_64_TO_32_BIT_CONVERSION = YES;
				GCC_WARN_ABOUT_RETURN_TYPE = YES_ERROR;
				GCC_WARN_UNDECLARED_SELECTOR = YES;
				GCC_WARN_UNINITIALIZED_AUTOS = YES_AGGRESSIVE;
				GCC_WARN_UNUSED_FUNCTION = YES;
				GCC_WARN_UNUSED_VARIABLE = YES;
				IPHONEOS_DEPLOYMENT_TARGET = 8.3;
				MTL_ENABLE_DEBUG_INFO = NO;
				SDKROOT = iphoneos;
				SWIFT_OBJC_BRIDGING_HEADER = "budget-ios/Bridging-Header.h";
				TARGETED_DEVICE_FAMILY = "1,2";
				VALIDATE_PRODUCT = YES;
			};
			name = Release;
		};
		3E21B28C1AD7229000E00AE1 /* Debug */ = {
			isa = XCBuildConfiguration;
			baseConfigurationReference = 450C45DE2D91AFBE89BDE2AF /* Pods.debug.xcconfig */;
			buildSettings = {
				ASSETCATALOG_COMPILER_APPICON_NAME = AppIcon;
				CODE_SIGN_IDENTITY = "iPhone Developer";
				"CODE_SIGN_IDENTITY[sdk=iphoneos*]" = "iPhone Developer";
				FRAMEWORK_SEARCH_PATHS = (
					"$(inherited)",
					"$(PROJECT_DIR)",
				);
				INFOPLIST_FILE = "budget-ios/Info.plist";
				LD_RUNPATH_SEARCH_PATHS = "$(inherited) @executable_path/Frameworks";
				LIBRARY_SEARCH_PATHS = (
					"$(inherited)",
					"$(PROJECT_DIR)/build/Debug-iphoneos",
				);
				PRODUCT_NAME = "$(TARGET_NAME)";
				PROVISIONING_PROFILE = "";
			};
			name = Debug;
		};
		3E21B28D1AD7229000E00AE1 /* Release */ = {
			isa = XCBuildConfiguration;
			baseConfigurationReference = C3BC77D9B578F34F553B7D09 /* Pods.release.xcconfig */;
			buildSettings = {
				ASSETCATALOG_COMPILER_APPICON_NAME = AppIcon;
				CODE_SIGN_IDENTITY = "iPhone Developer";
				"CODE_SIGN_IDENTITY[sdk=iphoneos*]" = "iPhone Developer";
				FRAMEWORK_SEARCH_PATHS = (
					"$(inherited)",
					"$(PROJECT_DIR)",
				);
				INFOPLIST_FILE = "budget-ios/Info.plist";
				LD_RUNPATH_SEARCH_PATHS = "$(inherited) @executable_path/Frameworks";
				LIBRARY_SEARCH_PATHS = (
					"$(inherited)",
					"$(PROJECT_DIR)/build/Debug-iphoneos",
				);
				PRODUCT_NAME = "$(TARGET_NAME)";
				PROVISIONING_PROFILE = "";
			};
			name = Release;
		};
		3E21B28F1AD7229000E00AE1 /* Debug */ = {
			isa = XCBuildConfiguration;
			buildSettings = {
				BUNDLE_LOADER = "$(TEST_HOST)";
				FRAMEWORK_SEARCH_PATHS = (
					"$(SDKROOT)/Developer/Library/Frameworks",
					"$(inherited)",
				);
				GCC_PREPROCESSOR_DEFINITIONS = (
					"DEBUG=1",
					"$(inherited)",
				);
				INFOPLIST_FILE = "budget-iosTests/Info.plist";
				LD_RUNPATH_SEARCH_PATHS = "$(inherited) @executable_path/Frameworks @loader_path/Frameworks";
				LIBRARY_SEARCH_PATHS = (
					"$(inherited)",
					"$(PROJECT_DIR)/build/Debug-iphoneos",
				);
				PRODUCT_NAME = "$(TARGET_NAME)";
				SWIFT_OBJC_BRIDGING_HEADER = "";
				TEST_HOST = "$(BUILT_PRODUCTS_DIR)/budget-ios.app/budget-ios";
			};
			name = Debug;
		};
		3E21B2901AD7229000E00AE1 /* Release */ = {
			isa = XCBuildConfiguration;
			buildSettings = {
				BUNDLE_LOADER = "$(TEST_HOST)";
				FRAMEWORK_SEARCH_PATHS = (
					"$(SDKROOT)/Developer/Library/Frameworks",
					"$(inherited)",
				);
				INFOPLIST_FILE = "budget-iosTests/Info.plist";
				LD_RUNPATH_SEARCH_PATHS = "$(inherited) @executable_path/Frameworks @loader_path/Frameworks";
				LIBRARY_SEARCH_PATHS = (
					"$(inherited)",
					"$(PROJECT_DIR)/build/Debug-iphoneos",
				);
				PRODUCT_NAME = "$(TARGET_NAME)";
				SWIFT_OBJC_BRIDGING_HEADER = "";
				TEST_HOST = "$(BUILT_PRODUCTS_DIR)/budget-ios.app/budget-ios";
			};
			name = Release;
		};
/* End XCBuildConfiguration section */

/* Begin XCConfigurationList section */
		3E21B2651AD7229000E00AE1 /* Build configuration list for PBXProject "budget-ios" */ = {
			isa = XCConfigurationList;
			buildConfigurations = (
				3E21B2891AD7229000E00AE1 /* Debug */,
				3E21B28A1AD7229000E00AE1 /* Release */,
			);
			defaultConfigurationIsVisible = 0;
			defaultConfigurationName = Release;
		};
		3E21B28B1AD7229000E00AE1 /* Build configuration list for PBXNativeTarget "budget-ios" */ = {
			isa = XCConfigurationList;
			buildConfigurations = (
				3E21B28C1AD7229000E00AE1 /* Debug */,
				3E21B28D1AD7229000E00AE1 /* Release */,
			);
			defaultConfigurationIsVisible = 0;
			defaultConfigurationName = Release;
		};
		3E21B28E1AD7229000E00AE1 /* Build configuration list for PBXNativeTarget "budget-iosTests" */ = {
			isa = XCConfigurationList;
			buildConfigurations = (
				3E21B28F1AD7229000E00AE1 /* Debug */,
				3E21B2901AD7229000E00AE1 /* Release */,
			);
			defaultConfigurationIsVisible = 0;
			defaultConfigurationName = Release;
		};
/* End XCConfigurationList section */
	};
	rootObject = 3E21B2621AD7229000E00AE1 /* Project object */;
}
